
Microsoft Visual Studio Solution File, Format Version 12.00
# Visual Studio 15
VisualStudioVersion = 15.0.27130.2024
MinimumVisualStudioVersion = 10.0.40219.1
Project("{2150E333-8FDC-42A3-9474-1A3956D46DE8}") = "BusinessLogic", "BusinessLogic", "{61EB2317-DC9C-4984-9E26-D7E2D8BA0533}"
EndProject
Project("{2150E333-8FDC-42A3-9474-1A3956D46DE8}") = "DataAccess", "DataAccess", "{72C1D2F8-3263-4CF2-877F-DC91AF10D0D3}"
EndProject
Project("{9A19103F-16F7-4668-BE54-9A1E7A4F7556}") = "BusinessLogic.Contract", "BusinessLogic\BusinessLogic.Contract\BusinessLogic.Contract.csproj", "{3993488A-09D2-4687-86F8-EE3DA4F55F07}"
EndProject
Project("{9A19103F-16F7-4668-BE54-9A1E7A4F7556}") = "BusinessLogic.DI", "BusinessLogic\BusinessLogic.DI\BusinessLogic.DI.csproj", "{AF71888E-73E7-431F-B56C-7054E4E46E1D}"
EndProject
Project("{9A19103F-16F7-4668-BE54-9A1E7A4F7556}") = "DataAccess.Contract", "DataAccess\DataAccess.Contract\DataAccess.Contract.csproj", "{971D06AA-E276-4F9D-924F-E2F060BE9B31}"
EndProject
Project("{9A19103F-16F7-4668-BE54-9A1E7A4F7556}") = "DataAccess.DI", "DataAccess\DataAccess.DI\DataAccess.DI.csproj", "{E251F3B5-3533-407F-88BB-A8C068F9D491}"
EndProject
Project("{9A19103F-16F7-4668-BE54-9A1E7A4F7556}") = "DataAccess", "DataAccess\DataAccess\DataAccess.csproj", "{100A216B-DBA5-4783-9055-CE68FCE201B2}"
EndProject
Project("{9A19103F-16F7-4668-BE54-9A1E7A4F7556}") = "BusinessLogic", "BusinessLogic\BusinessLogic\BusinessLogic.csproj", "{E242E6D1-06E7-4D30-A70F-D42847AF823A}"
EndProject
Project("{2150E333-8FDC-42A3-9474-1A3956D46DE8}") = "Tests", "Tests", "{127DF807-0A57-4404-82C4-0E5E6F44CBE3}"
EndProject
Project("{2150E333-8FDC-42A3-9474-1A3956D46DE8}") = "API", "API", "{839DAB6E-0C77-497D-A257-91B1F374B15B}"
ProjectSection(SolutionItems) = preProject
	docker-compose.yml = docker-compose.yml
	Dockerfile.MetricFlowApp = Dockerfile.MetricFlowApp
	nginx.conf = nginx.conf
EndProjectSection
EndProject
Project("{FAE04EC0-301F-11D3-BF4B-00C04F79EFBC}") = "MetricFlow.Api.Tests", "Tests\MetricFlow.Api.Tests\MetricFlow.Api.Tests.csproj", "{28B410F3-D40A-4614-A937-2FBA08EDC144}"
EndProject
Project("{FAE04EC0-301F-11D3-BF4B-00C04F79EFBC}") = "MetricFlow.WebApi", "API\MetricFlow.WebApi\MetricFlow.WebApi.csproj", "{3A664592-E143-4D79-8477-228AF24F6862}"
EndProject
Project("{FAE04EC0-301F-11D3-BF4B-00C04F79EFBC}") = "Requests", "Tests\Requests\Requests.csproj", "{85EF43C4-A494-4521-BB15-D56C9F243E7F}"
EndProject
Global
	GlobalSection(SolutionConfigurationPlatforms) = preSolution
		Debug|Any CPU = Debug|Any CPU
		Release|Any CPU = Release|Any CPU
	EndGlobalSection
	GlobalSection(ProjectConfigurationPlatforms) = postSolution
		{3993488A-09D2-4687-86F8-EE3DA4F55F07}.Debug|Any CPU.ActiveCfg = Debug|Any CPU
		{3993488A-09D2-4687-86F8-EE3DA4F55F07}.Debug|Any CPU.Build.0 = Debug|Any CPU
		{3993488A-09D2-4687-86F8-EE3DA4F55F07}.Release|Any CPU.ActiveCfg = Release|Any CPU
		{3993488A-09D2-4687-86F8-EE3DA4F55F07}.Release|Any CPU.Build.0 = Release|Any CPU
		{AF71888E-73E7-431F-B56C-7054E4E46E1D}.Debug|Any CPU.ActiveCfg = Debug|Any CPU
		{AF71888E-73E7-431F-B56C-7054E4E46E1D}.Debug|Any CPU.Build.0 = Debug|Any CPU
		{AF71888E-73E7-431F-B56C-7054E4E46E1D}.Release|Any CPU.ActiveCfg = Release|Any CPU
		{AF71888E-73E7-431F-B56C-7054E4E46E1D}.Release|Any CPU.Build.0 = Release|Any CPU
		{971D06AA-E276-4F9D-924F-E2F060BE9B31}.Debug|Any CPU.ActiveCfg = Debug|Any CPU
		{971D06AA-E276-4F9D-924F-E2F060BE9B31}.Debug|Any CPU.Build.0 = Debug|Any CPU
		{971D06AA-E276-4F9D-924F-E2F060BE9B31}.Release|Any CPU.ActiveCfg = Release|Any CPU
		{971D06AA-E276-4F9D-924F-E2F060BE9B31}.Release|Any CPU.Build.0 = Release|Any CPU
		{E251F3B5-3533-407F-88BB-A8C068F9D491}.Debug|Any CPU.ActiveCfg = Debug|Any CPU
		{E251F3B5-3533-407F-88BB-A8C068F9D491}.Debug|Any CPU.Build.0 = Debug|Any CPU
		{E251F3B5-3533-407F-88BB-A8C068F9D491}.Release|Any CPU.ActiveCfg = Release|Any CPU
		{E251F3B5-3533-407F-88BB-A8C068F9D491}.Release|Any CPU.Build.0 = Release|Any CPU
		{100A216B-DBA5-4783-9055-CE68FCE201B2}.Debug|Any CPU.ActiveCfg = Debug|Any CPU
		{100A216B-DBA5-4783-9055-CE68FCE201B2}.Debug|Any CPU.Build.0 = Debug|Any CPU
		{100A216B-DBA5-4783-9055-CE68FCE201B2}.Release|Any CPU.ActiveCfg = Release|Any CPU
		{100A216B-DBA5-4783-9055-CE68FCE201B2}.Release|Any CPU.Build.0 = Release|Any CPU
		{E242E6D1-06E7-4D30-A70F-D42847AF823A}.Debug|Any CPU.ActiveCfg = Debug|Any CPU
		{E242E6D1-06E7-4D30-A70F-D42847AF823A}.Debug|Any CPU.Build.0 = Debug|Any CPU
		{E242E6D1-06E7-4D30-A70F-D42847AF823A}.Release|Any CPU.ActiveCfg = Release|Any CPU
		{E242E6D1-06E7-4D30-A70F-D42847AF823A}.Release|Any CPU.Build.0 = Release|Any CPU
		{28B410F3-D40A-4614-A937-2FBA08EDC144}.Debug|Any CPU.ActiveCfg = Debug|Any CPU
		{28B410F3-D40A-4614-A937-2FBA08EDC144}.Debug|Any CPU.Build.0 = Debug|Any CPU
		{28B410F3-D40A-4614-A937-2FBA08EDC144}.Release|Any CPU.ActiveCfg = Release|Any CPU
		{28B410F3-D40A-4614-A937-2FBA08EDC144}.Release|Any CPU.Build.0 = Release|Any CPU
		{3A664592-E143-4D79-8477-228AF24F6862}.Debug|Any CPU.ActiveCfg = Debug|Any CPU
		{3A664592-E143-4D79-8477-228AF24F6862}.Debug|Any CPU.Build.0 = Debug|Any CPU
		{3A664592-E143-4D79-8477-228AF24F6862}.Release|Any CPU.ActiveCfg = Release|Any CPU
		{3A664592-E143-4D79-8477-228AF24F6862}.Release|Any CPU.Build.0 = Release|Any CPU
		{85EF43C4-A494-4521-BB15-D56C9F243E7F}.Debug|Any CPU.ActiveCfg = Debug|Any CPU
		{85EF43C4-A494-4521-BB15-D56C9F243E7F}.Debug|Any CPU.Build.0 = Debug|Any CPU
		{85EF43C4-A494-4521-BB15-D56C9F243E7F}.Release|Any CPU.ActiveCfg = Release|Any CPU
		{85EF43C4-A494-4521-BB15-D56C9F243E7F}.Release|Any CPU.Build.0 = Release|Any CPU
	EndGlobalSection
	GlobalSection(SolutionProperties) = preSolution
		HideSolutionNode = FALSE
	EndGlobalSection
	GlobalSection(NestedProjects) = preSolution
		{3993488A-09D2-4687-86F8-EE3DA4F55F07} = {61EB2317-DC9C-4984-9E26-D7E2D8BA0533}
		{AF71888E-73E7-431F-B56C-7054E4E46E1D} = {61EB2317-DC9C-4984-9E26-D7E2D8BA0533}
		{971D06AA-E276-4F9D-924F-E2F060BE9B31} = {72C1D2F8-3263-4CF2-877F-DC91AF10D0D3}
		{E251F3B5-3533-407F-88BB-A8C068F9D491} = {72C1D2F8-3263-4CF2-877F-DC91AF10D0D3}
		{100A216B-DBA5-4783-9055-CE68FCE201B2} = {72C1D2F8-3263-4CF2-877F-DC91AF10D0D3}
		{E242E6D1-06E7-4D30-A70F-D42847AF823A} = {61EB2317-DC9C-4984-9E26-D7E2D8BA0533}
		{28B410F3-D40A-4614-A937-2FBA08EDC144} = {127DF807-0A57-4404-82C4-0E5E6F44CBE3}
		{3A664592-E143-4D79-8477-228AF24F6862} = {839DAB6E-0C77-497D-A257-91B1F374B15B}
		{85EF43C4-A494-4521-BB15-D56C9F243E7F} = {127DF807-0A57-4404-82C4-0E5E6F44CBE3}
	EndGlobalSection
	GlobalSection(ExtensibilityGlobals) = postSolution
		SolutionGuid = {0387197B-4B55-425F-B547-22C903F45AD5}
	EndGlobalSection
EndGlobal
