
Microsoft Visual Studio Solution File, Format Version 12.00
# Visual Studio 15
VisualStudioVersion = 15.0.27130.2024
MinimumVisualStudioVersion = 10.0.40219.1
Project("{FAE04EC0-301F-11D3-BF4B-00C04F79EFBC}") = "MetricFlow", "MetricFlow\MetricFlow.csproj", "{801F0CD3-9AAD-4C0B-A2E1-0AAC3A80D40C}"
EndProject
Project("{FAE04EC0-301F-11D3-BF4B-00C04F79EFBC}") = "DataAccess", "DataAccess\DataAccess.csproj", "{5FFD2280-B1A6-44B1-A65A-A41A95AE2C56}"
EndProject
Project("{FAE04EC0-301F-11D3-BF4B-00C04F79EFBC}") = "BusinessLogic", "BusinessLogic\BusinessLogic.csproj", "{7C8E7C64-8247-4649-ACDC-C9C2ABEBBDF7}"
EndProject
Project("{2150E333-8FDC-42A3-9474-1A3956D46DE8}") = "BusinessLogic", "BusinessLogic", "{61EB2317-DC9C-4984-9E26-D7E2D8BA0533}"
EndProject
Project("{2150E333-8FDC-42A3-9474-1A3956D46DE8}") = "UI", "UI", "{979C39C0-2FFF-4BA0-8457-7D607F01B43F}"
EndProject
Project("{2150E333-8FDC-42A3-9474-1A3956D46DE8}") = "DataAccess", "DataAccess", "{72C1D2F8-3263-4CF2-877F-DC91AF10D0D3}"
EndProject
Project("{FAE04EC0-301F-11D3-BF4B-00C04F79EFBC}") = "BusinessLogic.Contract", "BusinessLogic\BusinessLogic.Contract\BusinessLogic.Contract.csproj", "{3993488A-09D2-4687-86F8-EE3DA4F55F07}"
EndProject
Project("{FAE04EC0-301F-11D3-BF4B-00C04F79EFBC}") = "BusinessLogic.DI", "BusinessLogic\BusinessLogic.DI\BusinessLogic.DI.csproj", "{AF71888E-73E7-431F-B56C-7054E4E46E1D}"
EndProject
Project("{FAE04EC0-301F-11D3-BF4B-00C04F79EFBC}") = "DataAccess.Contract", "DataAccess\DataAccess.Contract\DataAccess.Contract.csproj", "{971D06AA-E276-4F9D-924F-E2F060BE9B31}"
EndProject
Project("{FAE04EC0-301F-11D3-BF4B-00C04F79EFBC}") = "DataAccess.DI", "DataAccess\DataAccess.DI\DataAccess.DI.csproj", "{E251F3B5-3533-407F-88BB-A8C068F9D491}"
EndProject
Global
	GlobalSection(SolutionConfigurationPlatforms) = preSolution
		Debug|Any CPU = Debug|Any CPU
		Release|Any CPU = Release|Any CPU
	EndGlobalSection
	GlobalSection(ProjectConfigurationPlatforms) = postSolution
		{801F0CD3-9AAD-4C0B-A2E1-0AAC3A80D40C}.Debug|Any CPU.ActiveCfg = Debug|Any CPU
		{801F0CD3-9AAD-4C0B-A2E1-0AAC3A80D40C}.Debug|Any CPU.Build.0 = Debug|Any CPU
		{801F0CD3-9AAD-4C0B-A2E1-0AAC3A80D40C}.Release|Any CPU.ActiveCfg = Release|Any CPU
		{801F0CD3-9AAD-4C0B-A2E1-0AAC3A80D40C}.Release|Any CPU.Build.0 = Release|Any CPU
		{5FFD2280-B1A6-44B1-A65A-A41A95AE2C56}.Debug|Any CPU.ActiveCfg = Debug|Any CPU
		{5FFD2280-B1A6-44B1-A65A-A41A95AE2C56}.Debug|Any CPU.Build.0 = Debug|Any CPU
		{5FFD2280-B1A6-44B1-A65A-A41A95AE2C56}.Release|Any CPU.ActiveCfg = Release|Any CPU
		{5FFD2280-B1A6-44B1-A65A-A41A95AE2C56}.Release|Any CPU.Build.0 = Release|Any CPU
		{7C8E7C64-8247-4649-ACDC-C9C2ABEBBDF7}.Debug|Any CPU.ActiveCfg = Debug|Any CPU
		{7C8E7C64-8247-4649-ACDC-C9C2ABEBBDF7}.Debug|Any CPU.Build.0 = Debug|Any CPU
		{7C8E7C64-8247-4649-ACDC-C9C2ABEBBDF7}.Release|Any CPU.ActiveCfg = Release|Any CPU
		{7C8E7C64-8247-4649-ACDC-C9C2ABEBBDF7}.Release|Any CPU.Build.0 = Release|Any CPU
		{3993488A-09D2-4687-86F8-EE3DA4F55F07}.Debug|Any CPU.ActiveCfg = Debug|Any CPU
		{3993488A-09D2-4687-86F8-EE3DA4F55F07}.Debug|Any CPU.Build.0 = Debug|Any CPU
		{3993488A-09D2-4687-86F8-EE3DA4F55F07}.Release|Any CPU.ActiveCfg = Release|Any CPU
		{3993488A-09D2-4687-86F8-EE3DA4F55F07}.Release|Any CPU.Build.0 = Release|Any CPU
		{AF71888E-73E7-431F-B56C-7054E4E46E1D}.Debug|Any CPU.ActiveCfg = Debug|Any CPU
		{AF71888E-73E7-431F-B56C-7054E4E46E1D}.Debug|Any CPU.Build.0 = Debug|Any CPU
		{AF71888E-73E7-431F-B56C-7054E4E46E1D}.Release|Any CPU.ActiveCfg = Release|Any CPU
		{AF71888E-73E7-431F-B56C-7054E4E46E1D}.Release|Any CPU.Build.0 = Release|Any CPU
		{971D06AA-E276-4F9D-924F-E2F060BE9B31}.Debug|Any CPU.ActiveCfg = Debug|Any CPU
		{971D06AA-E276-4F9D-924F-E2F060BE9B31}.Debug|Any CPU.Build.0 = Debug|Any CPU
		{971D06AA-E276-4F9D-924F-E2F060BE9B31}.Release|Any CPU.ActiveCfg = Release|Any CPU
		{971D06AA-E276-4F9D-924F-E2F060BE9B31}.Release|Any CPU.Build.0 = Release|Any CPU
		{E251F3B5-3533-407F-88BB-A8C068F9D491}.Debug|Any CPU.ActiveCfg = Debug|Any CPU
		{E251F3B5-3533-407F-88BB-A8C068F9D491}.Debug|Any CPU.Build.0 = Debug|Any CPU
		{E251F3B5-3533-407F-88BB-A8C068F9D491}.Release|Any CPU.ActiveCfg = Release|Any CPU
		{E251F3B5-3533-407F-88BB-A8C068F9D491}.Release|Any CPU.Build.0 = Release|Any CPU
	EndGlobalSection
	GlobalSection(SolutionProperties) = preSolution
		HideSolutionNode = FALSE
	EndGlobalSection
	GlobalSection(ExtensibilityGlobals) = postSolution
		SolutionGuid = {0387197B-4B55-425F-B547-22C903F45AD5}
	EndGlobalSection
	GlobalSection(NestedProjects) = preSolution
		{801F0CD3-9AAD-4C0B-A2E1-0AAC3A80D40C} = {979C39C0-2FFF-4BA0-8457-7D607F01B43F}
		{7C8E7C64-8247-4649-ACDC-C9C2ABEBBDF7} = {61EB2317-DC9C-4984-9E26-D7E2D8BA0533}
		{5FFD2280-B1A6-44B1-A65A-A41A95AE2C56} = {72C1D2F8-3263-4CF2-877F-DC91AF10D0D3}
		{3993488A-09D2-4687-86F8-EE3DA4F55F07} = {61EB2317-DC9C-4984-9E26-D7E2D8BA0533}
		{AF71888E-73E7-431F-B56C-7054E4E46E1D} = {61EB2317-DC9C-4984-9E26-D7E2D8BA0533}
		{971D06AA-E276-4F9D-924F-E2F060BE9B31} = {72C1D2F8-3263-4CF2-877F-DC91AF10D0D3}
		{E251F3B5-3533-407F-88BB-A8C068F9D491} = {72C1D2F8-3263-4CF2-877F-DC91AF10D0D3}
	EndGlobalSection
EndGlobal
